// !$*UTF8*$!
{
	archiveVersion = 1;
	classes = {
	};
	objectVersion = 46;
	objects = {

/* Begin PBXBuildFile section */
		FD52410B1AE8C9C800FA0519 /* main.m in Sources */ = {isa = PBXBuildFile; fileRef = FD52410A1AE8C9C800FA0519 /* main.m */; };
		FD52410E1AE8C9C800FA0519 /* AppDelegate.m in Sources */ = {isa = PBXBuildFile; fileRef = FD52410D1AE8C9C800FA0519 /* AppDelegate.m */; };
		FD5241111AE8C9C800FA0519 /* ViewController.m in Sources */ = {isa = PBXBuildFile; fileRef = FD5241101AE8C9C800FA0519 /* ViewController.m */; };
		FD5241141AE8C9C800FA0519 /* Main.storyboard in Resources */ = {isa = PBXBuildFile; fileRef = FD5241121AE8C9C800FA0519 /* Main.storyboard */; };
		FD5241161AE8C9C800FA0519 /* Images.xcassets in Resources */ = {isa = PBXBuildFile; fileRef = FD5241151AE8C9C800FA0519 /* Images.xcassets */; };
		FD5241191AE8C9C800FA0519 /* LaunchScreen.xib in Resources */ = {isa = PBXBuildFile; fileRef = FD5241171AE8C9C800FA0519 /* LaunchScreen.xib */; };
		FD5241251AE8C9C800FA0519 /* Study_github_ch01Tests.m in Sources */ = {isa = PBXBuildFile; fileRef = FD5241241AE8C9C800FA0519 /* Study_github_ch01Tests.m */; };
/* End PBXBuildFile section */

/* Begin PBXContainerItemProxy section */
		FD52411F1AE8C9C800FA0519 /* PBXContainerItemProxy */ = {
			isa = PBXContainerItemProxy;
			containerPortal = FD5240FD1AE8C9C800FA0519 /* Project object */;
			proxyType = 1;
			remoteGlobalIDString = FD5241041AE8C9C800FA0519;
			remoteInfo = Study_github_ch01;
		};
/* End PBXContainerItemProxy section */

/* Begin PBXFileReference section */
		FD5241051AE8C9C800FA0519 /* Study_github_ch01.app */ = {isa = PBXFileReference; explicitFileType = wrapper.application; includeInIndex = 0; path = Study_github_ch01.app; sourceTree = BUILT_PRODUCTS_DIR; };
		FD5241091AE8C9C800FA0519 /* Info.plist */ = {isa = PBXFileReference; lastKnownFileType = text.plist.xml; path = Info.plist; sourceTree = "<group>"; };
		FD52410A1AE8C9C800FA0519 /* main.m */ = {isa = PBXFileReference; lastKnownFileType = sourcecode.c.objc; path = main.m; sourceTree = "<group>"; };
		FD52410C1AE8C9C800FA0519 /* AppDelegate.h */ = {isa = PBXFileReference; lastKnownFileType = sourcecode.c.h; path = AppDelegate.h; sourceTree = "<group>"; };
		FD52410D1AE8C9C800FA0519 /* AppDelegate.m */ = {isa = PBXFileReference; lastKnownFileType = sourcecode.c.objc; path = AppDelegate.m; sourceTree = "<group>"; };
		FD52410F1AE8C9C800FA0519 /* ViewController.h */ = {isa = PBXFileReference; lastKnownFileType = sourcecode.c.h; path = ViewController.h; sourceTree = "<group>"; };
		FD5241101AE8C9C800FA0519 /* ViewController.m */ = {isa = PBXFileReference; lastKnownFileType = sourcecode.c.objc; path = ViewController.m; sourceTree = "<group>"; };
		FD5241131AE8C9C800FA0519 /* Base */ = {isa = PBXFileReference; lastKnownFileType = file.storyboard; name = Base; path = Base.lproj/Main.storyboard; sourceTree = "<group>"; };
		FD5241151AE8C9C800FA0519 /* Images.xcassets */ = {isa = PBXFileReference; lastKnownFileType = folder.assetcatalog; path = Images.xcassets; sourceTree = "<group>"; };
		FD5241181AE8C9C800FA0519 /* Base */ = {isa = PBXFileReference; lastKnownFileType = file.xib; name = Base; path = Base.lproj/LaunchScreen.xib; sourceTree = "<group>"; };
		FD52411E1AE8C9C800FA0519 /* Study_github_ch01Tests.xctest */ = {isa = PBXFileReference; explicitFileType = wrapper.cfbundle; includeInIndex = 0; path = Study_github_ch01Tests.xctest; sourceTree = BUILT_PRODUCTS_DIR; };
		FD5241231AE8C9C800FA0519 /* Info.plist */ = {isa = PBXFileReference; lastKnownFileType = text.plist.xml; path = Info.plist; sourceTree = "<group>"; };
		FD5241241AE8C9C800FA0519 /* Study_github_ch01Tests.m */ = {isa = PBXFileReference; lastKnownFileType = sourcecode.c.objc; path = Study_github_ch01Tests.m; sourceTree = "<group>"; };
/* End PBXFileReference section */

/* Begin PBXFrameworksBuildPhase section */
		FD5241021AE8C9C800FA0519 /* Frameworks */ = {
			isa = PBXFrameworksBuildPhase;
			buildActionMask = 2147483647;
			files = (
			);
			runOnlyForDeploymentPostprocessing = 0;
		};
		FD52411B1AE8C9C800FA0519 /* Frameworks */ = {
			isa = PBXFrameworksBuildPhase;
			buildActionMask = 2147483647;
			files = (
			);
			runOnlyForDeploymentPostprocessing = 0;
		};
/* End PBXFrameworksBuildPhase section */

/* Begin PBXGroup section */
		FD5240FC1AE8C9C800FA0519 = {
			isa = PBXGroup;
			children = (
				FD5241071AE8C9C800FA0519 /* Study_github_ch01 */,
				FD5241211AE8C9C800FA0519 /* Study_github_ch01Tests */,
				FD5241061AE8C9C800FA0519 /* Products */,
			);
			sourceTree = "<group>";
		};
		FD5241061AE8C9C800FA0519 /* Products */ = {
			isa = PBXGroup;
			children = (
				FD5241051AE8C9C800FA0519 /* Study_github_ch01.app */,
				FD52411E1AE8C9C800FA0519 /* Study_github_ch01Tests.xctest */,
			);
			name = Products;
			sourceTree = "<group>";
		};
		FD5241071AE8C9C800FA0519 /* Study_github_ch01 */ = {
			isa = PBXGroup;
			children = (
				FD52410C1AE8C9C800FA0519 /* AppDelegate.h */,
				FD52410D1AE8C9C800FA0519 /* AppDelegate.m */,
				FD52410F1AE8C9C800FA0519 /* ViewController.h */,
				FD5241101AE8C9C800FA0519 /* ViewController.m */,
				FD5241121AE8C9C800FA0519 /* Main.storyboard */,
				FD5241151AE8C9C800FA0519 /* Images.xcassets */,
				FD5241171AE8C9C800FA0519 /* LaunchScreen.xib */,
				FD5241081AE8C9C800FA0519 /* Supporting Files */,
			);
			path = Study_github_ch01;
			sourceTree = "<group>";
		};
		FD5241081AE8C9C800FA0519 /* Supporting Files */ = {
			isa = PBXGroup;
			children = (
				FD5241091AE8C9C800FA0519 /* Info.plist */,
				FD52410A1AE8C9C800FA0519 /* main.m */,
			);
			name = "Supporting Files";
			sourceTree = "<group>";
		};
		FD5241211AE8C9C800FA0519 /* Study_github_ch01Tests */ = {
			isa = PBXGroup;
			children = (
				FD5241241AE8C9C800FA0519 /* Study_github_ch01Tests.m */,
				FD5241221AE8C9C800FA0519 /* Supporting Files */,
			);
			path = Study_github_ch01Tests;
			sourceTree = "<group>";
		};
		FD5241221AE8C9C800FA0519 /* Supporting Files */ = {
			isa = PBXGroup;
			children = (
				FD5241231AE8C9C800FA0519 /* Info.plist */,
			);
			name = "Supporting Files";
			sourceTree = "<group>";
		};
/* End PBXGroup section */

/* Begin PBXNativeTarget section */
		FD5241041AE8C9C800FA0519 /* Study_github_ch01 */ = {
			isa = PBXNativeTarget;
			buildConfigurationList = FD5241281AE8C9C800FA0519 /* Build configuration list for PBXNativeTarget "Study_github_ch01" */;
			buildPhases = (
				FD5241011AE8C9C800FA0519 /* Sources */,
				FD5241021AE8C9C800FA0519 /* Frameworks */,
				FD5241031AE8C9C800FA0519 /* Resources */,
			);
			buildRules = (
			);
			dependencies = (
			);
			name = Study_github_ch01;
			productName = Study_github_ch01;
			productReference = FD5241051AE8C9C800FA0519 /* Study_github_ch01.app */;
			productType = "com.apple.product-type.application";
		};
		FD52411D1AE8C9C800FA0519 /* Study_github_ch01Tests */ = {
			isa = PBXNativeTarget;
			buildConfigurationList = FD52412B1AE8C9C800FA0519 /* Build configuration list for PBXNativeTarget "Study_github_ch01Tests" */;
			buildPhases = (
				FD52411A1AE8C9C800FA0519 /* Sources */,
				FD52411B1AE8C9C800FA0519 /* Frameworks */,
				FD52411C1AE8C9C800FA0519 /* Resources */,
			);
			buildRules = (
			);
			dependencies = (
				FD5241201AE8C9C800FA0519 /* PBXTargetDependency */,
			);
			name = Study_github_ch01Tests;
			productName = Study_github_ch01Tests;
			productReference = FD52411E1AE8C9C800FA0519 /* Study_github_ch01Tests.xctest */;
			productType = "com.apple.product-type.bundle.unit-test";
		};
/* End PBXNativeTarget section */

/* Begin PBXProject section */
		FD5240FD1AE8C9C800FA0519 /* Project object */ = {
			isa = PBXProject;
			attributes = {
				LastUpgradeCheck = 0620;
				ORGANIZATIONNAME = weiweiwoep;
				TargetAttributes = {
					FD5241041AE8C9C800FA0519 = {
						CreatedOnToolsVersion = 6.2;
					};
					FD52411D1AE8C9C800FA0519 = {
						CreatedOnToolsVersion = 6.2;
						TestTargetID = FD5241041AE8C9C800FA0519;
					};
				};
			};
			buildConfigurationList = FD5241001AE8C9C800FA0519 /* Build configuration list for PBXProject "Study_github_ch01" */;
			compatibilityVersion = "Xcode 3.2";
			developmentRegion = English;
			hasScannedForEncodings = 0;
			knownRegions = (
				en,
				Base,
			);
			mainGroup = FD5240FC1AE8C9C800FA0519;
			productRefGroup = FD5241061AE8C9C800FA0519 /* Products */;
			projectDirPath = "";
			projectRoot = "";
			targets = (
				FD5241041AE8C9C800FA0519 /* Study_github_ch01 */,
				FD52411D1AE8C9C800FA0519 /* Study_github_ch01Tests */,
			);
		};
/* End PBXProject section */

/* Begin PBXResourcesBuildPhase section */
		FD5241031AE8C9C800FA0519 /* Resources */ = {
			isa = PBXResourcesBuildPhase;
			buildActionMask = 2147483647;
			files = (
				FD5241141AE8C9C800FA0519 /* Main.storyboard in Resources */,
				FD5241191AE8C9C800FA0519 /* LaunchScreen.xib in Resources */,
				FD5241161AE8C9C800FA0519 /* Images.xcassets in Resources */,
			);
			runOnlyForDeploymentPostprocessing = 0;
		};
		FD52411C1AE8C9C800FA0519 /* Resources */ = {
			isa = PBXResourcesBuildPhase;
			buildActionMask = 2147483647;
			files = (
			);
			runOnlyForDeploymentPostprocessing = 0;
		};
/* End PBXResourcesBuildPhase section */

/* Begin PBXSourcesBuildPhase section */
		FD5241011AE8C9C800FA0519 /* Sources */ = {
			isa = PBXSourcesBuildPhase;
			buildActionMask = 2147483647;
			files = (
				FD5241111AE8C9C800FA0519 /* ViewController.m in Sources */,
				FD52410E1AE8C9C800FA0519 /* AppDelegate.m in Sources */,
				FD52410B1AE8C9C800FA0519 /* main.m in Sources */,
			);
			runOnlyForDeploymentPostprocessing = 0;
		};
		FD52411A1AE8C9C800FA0519 /* Sources */ = {
			isa = PBXSourcesBuildPhase;
			buildActionMask = 2147483647;
			files = (
				FD5241251AE8C9C800FA0519 /* Study_github_ch01Tests.m in Sources */,
			);
			runOnlyForDeploymentPostprocessing = 0;
		};
/* End PBXSourcesBuildPhase section */

/* Begin PBXTargetDependency section */
		FD5241201AE8C9C800FA0519 /* PBXTargetDependency */ = {
			isa = PBXTargetDependency;
			target = FD5241041AE8C9C800FA0519 /* Study_github_ch01 */;
			targetProxy = FD52411F1AE8C9C800FA0519 /* PBXContainerItemProxy */;
		};
/* End PBXTargetDependency section */

/* Begin PBXVariantGroup section */
		FD5241121AE8C9C800FA0519 /* Main.storyboard */ = {
			isa = PBXVariantGroup;
			children = (
				FD5241131AE8C9C800FA0519 /* Base */,
			);
			name = Main.storyboard;
			sourceTree = "<group>";
		};
		FD5241171AE8C9C800FA0519 /* LaunchScreen.xib */ = {
			isa = PBXVariantGroup;
			children = (
				FD5241181AE8C9C800FA0519 /* Base */,
			);
			name = LaunchScreen.xib;
			sourceTree = "<group>";
		};
/* End PBXVariantGroup section */

/* Begin XCBuildConfiguration section */
		FD5241261AE8C9C800FA0519 /* Debug */ = {
			isa = XCBuildConfiguration;
			buildSettings = {
				ALWAYS_SEARCH_USER_PATHS = NO;
				CLANG_CXX_LANGUAGE_STANDARD = "gnu++0x";
				CLANG_CXX_LIBRARY = "libc++";
				CLANG_ENABLE_MODULES = YES;
				CLANG_ENABLE_OBJC_ARC = YES;
				CLANG_WARN_BOOL_CONVERSION = YES;
				CLANG_WARN_CONSTANT_CONVERSION = YES;
				CLANG_WARN_DIRECT_OBJC_ISA_USAGE = YES_ERROR;
				CLANG_WARN_EMPTY_BODY = YES;
				CLANG_WARN_ENUM_CONVERSION = YES;
				CLANG_WARN_INT_CONVERSION = YES;
				CLANG_WARN_OBJC_ROOT_CLASS = YES_ERROR;
				CLANG_WARN_UNREACHABLE_CODE = YES;
				CLANG_WARN__DUPLICATE_METHOD_MATCH = YES;
				"CODE_SIGN_IDENTITY[sdk=iphoneos*]" = "iPhone Developer";
				COPY_PHASE_STRIP = NO;
				ENABLE_STRICT_OBJC_MSGSEND = YES;
				GCC_C_LANGUAGE_STANDARD = gnu99;
				GCC_DYNAMIC_NO_PIC = NO;
				GCC_OPTIMIZATION_LEVEL = 0;
				GCC_PREPROCESSOR_DEFINITIONS = (
					"DEBUG=1",
					"$(inherited)",
				);
				GCC_SYMBOLS_PRIVATE_EXTERN = NO;
				GCC_WARN_64_TO_32_BIT_CONVERSION = YES;
				GCC_WARN_ABOUT_RETURN_TYPE = YES_ERROR;
				GCC_WARN_UNDECLARED_SELECTOR = YES;
				GCC_WARN_UNINITIALIZED_AUTOS = YES_AGGRESSIVE;
				GCC_WARN_UNUSED_FUNCTION = YES;
				GCC_WARN_UNUSED_VARIABLE = YES;
				IPHONEOS_DEPLOYMENT_TARGET = 8.2;
				MTL_ENABLE_DEBUG_INFO = YES;
				ONLY_ACTIVE_ARCH = YES;
				SDKROOT = iphoneos;
			};
			name = Debug;
		};
		FD5241271AE8C9C800FA0519 /* Release */ = {
			isa = XCBuildConfiguration;
			buildSettings = {
				ALWAYS_SEARCH_USER_PATHS = NO;
				CLANG_CXX_LANGUAGE_STANDARD = "gnu++0x";
				CLANG_CXX_LIBRARY = "libc++";
				CLANG_ENABLE_MODULES = YES;
				CLANG_ENABLE_OBJC_ARC = YES;
				CLANG_WARN_BOOL_CONVERSION = YES;
				CLANG_WARN_CONSTANT_CONVERSION = YES;
				CLANG_WARN_DIRECT_OBJC_ISA_USAGE = YES_ERROR;
				CLANG_WARN_EMPTY_BODY = YES;
				CLANG_WARN_ENUM_CONVERSION = YES;
				CLANG_WARN_INT_CONVERSION = YES;
				CLANG_WARN_OBJC_ROOT_CLASS = YES_ERROR;
				CLANG_WARN_UNREACHABLE_CODE = YES;
				CLANG_WARN__DUPLICATE_METHOD_MATCH = YES;
				"CODE_SIGN_IDENTITY[sdk=iphoneos*]" = "iPhone Developer";
				COPY_PHASE_STRIP = NO;
				ENABLE_NS_ASSERTIONS = NO;
				ENABLE_STRICT_OBJC_MSGSEND = YES;
				GCC_C_LANGUAGE_STANDARD = gnu99;
				GCC_WARN_64_TO_32_BIT_CONVERSION = YES;
				GCC_WARN_ABOUT_RETURN_TYPE = YES_ERROR;
				GCC_WARN_UNDECLARED_SELECTOR = YES;
				GCC_WARN_UNINITIALIZED_AUTOS = YES_AGGRESSIVE;
				GCC_WARN_UNUSED_FUNCTION = YES;
				GCC_WARN_UNUSED_VARIABLE = YES;
				IPHONEOS_DEPLOYMENT_TARGET = 8.2;
				MTL_ENABLE_DEBUG_INFO = NO;
				SDKROOT = iphoneos;
				VALIDATE_PRODUCT = YES;
			};
			name = Release;
		};
		FD5241291AE8C9C800FA0519 /* Debug */ = {
			isa = XCBuildConfiguration;
			buildSettings = {
				ASSETCATALOG_COMPILER_APPICON_NAME = AppIcon;
				INFOPLIST_FILE = Study_github_ch01/Info.plist;
				LD_RUNPATH_SEARCH_PATHS = "$(inherited) @executable_path/Frameworks";
				PRODUCT_NAME = "$(TARGET_NAME)";
			};
			name = Debug;
		};
		FD52412A1AE8C9C800FA0519 /* Release */ = {
			isa = XCBuildConfiguration;
			buildSettings = {
				ASSETCATALOG_COMPILER_APPICON_NAME = AppIcon;
				INFOPLIST_FILE = Study_github_ch01/Info.plist;
				LD_RUNPATH_SEARCH_PATHS = "$(inherited) @executable_path/Frameworks";
				PRODUCT_NAME = "$(TARGET_NAME)";
			};
			name = Release;
		};
		FD52412C1AE8C9C800FA0519 /* Debug */ = {
			isa = XCBuildConfiguration;
			buildSettings = {
				BUNDLE_LOADER = "$(TEST_HOST)";
				FRAMEWORK_SEARCH_PATHS = (
					"$(SDKROOT)/Developer/Library/Frameworks",
					"$(inherited)",
				);
				GCC_PREPROCESSOR_DEFINITIONS = (
					"DEBUG=1",
					"$(inherited)",
				);
				INFOPLIST_FILE = Study_github_ch01Tests/Info.plist;
				LD_RUNPATH_SEARCH_PATHS = "$(inherited) @executable_path/Frameworks @loader_path/Frameworks";
				PRODUCT_NAME = "$(TARGET_NAME)";
				TEST_HOST = "$(BUILT_PRODUCTS_DIR)/Study_github_ch01.app/Study_github_ch01";
			};
			name = Debug;
		};
		FD52412D1AE8C9C800FA0519 /* Release */ = {
			isa = XCBuildConfiguration;
			buildSettings = {
				BUNDLE_LOADER = "$(TEST_HOST)";
				FRAMEWORK_SEARCH_PATHS = (
					"$(SDKROOT)/Developer/Library/Frameworks",
					"$(inherited)",
				);
				INFOPLIST_FILE = Study_github_ch01Tests/Info.plist;
				LD_RUNPATH_SEARCH_PATHS = "$(inherited) @executable_path/Frameworks @loader_path/Frameworks";
				PRODUCT_NAME = "$(TARGET_NAME)";
				TEST_HOST = "$(BUILT_PRODUCTS_DIR)/Study_github_ch01.app/Study_github_ch01";
			};
			name = Release;
		};
/* End XCBuildConfiguration section */

/* Begin XCConfigurationList section */
		FD5241001AE8C9C800FA0519 /* Build configuration list for PBXProject "Study_github_ch01" */ = {
			isa = XCConfigurationList;
			buildConfigurations = (
				FD5241261AE8C9C800FA0519 /* Debug */,
				FD5241271AE8C9C800FA0519 /* Release */,
			);
			defaultConfigurationIsVisible = 0;
			defaultConfigurationName = Release;
		};
		FD5241281AE8C9C800FA0519 /* Build configuration list for PBXNativeTarget "Study_github_ch01" */ = {
			isa = XCConfigurationList;
			buildConfigurations = (
				FD5241291AE8C9C800FA0519 /* Debug */,
				FD52412A1AE8C9C800FA0519 /* Release */,
			);
			defaultConfigurationIsVisible = 0;
		};
		FD52412B1AE8C9C800FA0519 /* Build configuration list for PBXNativeTarget "Study_github_ch01Tests" */ = {
			isa = XCConfigurationList;
			buildConfigurations = (
				FD52412C1AE8C9C800FA0519 /* Debug */,
				FD52412D1AE8C9C800FA0519 /* Release */,
			);
			defaultConfigurationIsVisible = 0;
		};
/* End XCConfigurationList section */
	};
	rootObject = FD5240FD1AE8C9C800FA0519 /* Project object */;
}
